
Microsoft Visual Studio Solution File, Format Version 12.00
# Visual Studio Version 17
VisualStudioVersion = 17.13.35825.156
MinimumVisualStudioVersion = 10.0.40219.1
Project("{FAE04EC0-301F-11D3-BF4B-00C04F79EFBC}") = "ScentifyAdmin", "ScentifyAdmin\ScentifyAdmin.csproj", "{7D597E58-DD70-4B5E-91EC-19446C4676AD}"
EndProject
Global
	GlobalSection(SolutionConfigurationPlatforms) = preSolution
		Debug|Any CPU = Debug|Any CPU
		Release|Any CPU = Release|Any CPU
	EndGlobalSection
	GlobalSection(ProjectConfigurationPlatforms) = postSolution
		{7D597E58-DD70-4B5E-91EC-19446C4676AD}.Debug|Any CPU.ActiveCfg = Debug|Any CPU
		{7D597E58-DD70-4B5E-91EC-19446C4676AD}.Debug|Any CPU.Build.0 = Debug|Any CPU
		{7D597E58-DD70-4B5E-91EC-19446C4676AD}.Release|Any CPU.ActiveCfg = Release|Any CPU
		{7D597E58-DD70-4B5E-91EC-19446C4676AD}.Release|Any CPU.Build.0 = Release|Any CPU
	EndGlobalSection
	GlobalSection(SolutionProperties) = preSolution
		HideSolutionNode = FALSE
	EndGlobalSection
	GlobalSection(ExtensibilityGlobals) = postSolution
		SolutionGuid = {89849A4D-1251-4EA2-A01C-8DBE980C61C4}
	EndGlobalSection
EndGlobal
